PODS:
  - IQKeyboardManagerSwift (6.5.11)
  - Realm (10.38.0):
    - Realm/Headers (= 10.38.0)
  - Realm/Headers (10.38.0)
  - RealmSwift (10.38.0):
    - Realm (= 10.38.0)

DEPENDENCIES:
  - IQKeyboardManagerSwift
  - RealmSwift (~> 10)

SPEC REPOS:
  trunk:
    - IQKeyboardManagerSwift
    - Realm
    - RealmSwift

SPEC CHECKSUMS:
  IQKeyboardManagerSwift: c7955c0bdbf7b2eb29bb7daaa44e3d90f55a9a85
  Realm: 5902885dd1d5e71b0b020830caab937ecdf5bf07
  RealmSwift: 0fc037d6c32c7c4fc9362892380f380114ecdcf0

PODFILE CHECKSUM: cfc2ec2b51459c5601d46f578dc861769413e754

COCOAPODS: 1.11.3
