// !$*UTF8*$!
{
	archiveVersion = 1;
	classes = {
	};
	objectVersion = 56;
	objects = {

/* Begin PBXBuildFile section */
		74DD2BEC778B137D141F0BFD /* Pods_RemeApp.framework in Frameworks */ = {isa = PBXBuildFile; fileRef = 59F5F3CB7F16E55697338026 /* Pods_RemeApp.framework */; };
		78030ED429ED1D44000E40A3 /* SalesFloorMapType.swift in Sources */ = {isa = PBXBuildFile; fileRef = 78030ED329ED1D44000E40A3 /* SalesFloorMapType.swift */; };
		78030ED629ED1F49000E40A3 /* ShoppingStartPositionType.swift in Sources */ = {isa = PBXBuildFile; fileRef = 78030ED529ED1F49000E40A3 /* ShoppingStartPositionType.swift */; };
		78030ED829ED891E000E40A3 /* DefaultSalesFloorType.swift in Sources */ = {isa = PBXBuildFile; fileRef = 78030ED729ED891E000E40A3 /* DefaultSalesFloorType.swift */; };
		78030EDA29ED8A4C000E40A3 /* ExtensionNSNotificationName.swift in Sources */ = {isa = PBXBuildFile; fileRef = 78030ED929ED8A4C000E40A3 /* ExtensionNSNotificationName.swift */; };
		7804039129E3F30B00DDF94D /* ExtensionUITextView.swift in Sources */ = {isa = PBXBuildFile; fileRef = 7804039029E3F30B00DDF94D /* ExtensionUITextView.swift */; };
		780DCC9C2A4B0DB100ADE060 /* NetworkMonitor.swift in Sources */ = {isa = PBXBuildFile; fileRef = 780DCC9B2A4B0DB100ADE060 /* NetworkMonitor.swift */; };
		78136C2D29D1348B00D90A70 /* DetailShoppingListViewController.swift in Sources */ = {isa = PBXBuildFile; fileRef = 78136C2C29D1348B00D90A70 /* DetailShoppingListViewController.swift */; };
		78136C2F29D136A200D90A70 /* DetailShoppingListView.storyboard in Resources */ = {isa = PBXBuildFile; fileRef = 78136C2E29D136A200D90A70 /* DetailShoppingListView.storyboard */; };
		7815F7DD2A32BE5E00BE0B89 /* AccountManager.swift in Sources */ = {isa = PBXBuildFile; fileRef = 7815F7DC2A32BE5E00BE0B89 /* AccountManager.swift */; };
		7815F7DF2A33111700BE0B89 /* FirestoreManager.swift in Sources */ = {isa = PBXBuildFile; fileRef = 7815F7DE2A33111700BE0B89 /* FirestoreManager.swift */; };
		7815F7E12A3311EE00BE0B89 /* UserDataModel.swift in Sources */ = {isa = PBXBuildFile; fileRef = 7815F7E02A3311EE00BE0B89 /* UserDataModel.swift */; };
		781D1A1B29E942C900A0EC9C /* CustomSalesFloorModel.swift in Sources */ = {isa = PBXBuildFile; fileRef = 781D1A1A29E942C900A0EC9C /* CustomSalesFloorModel.swift */; };
		7828936D2A1A6337002A7318 /* TutorialEditSalesFloorMapView.storyboard in Resources */ = {isa = PBXBuildFile; fileRef = 7828936C2A1A6337002A7318 /* TutorialEditSalesFloorMapView.storyboard */; };
		7828936F2A1A634F002A7318 /* TutorialEditSalesFloorMapViewController.swift in Sources */ = {isa = PBXBuildFile; fileRef = 7828936E2A1A634F002A7318 /* TutorialEditSalesFloorMapViewController.swift */; };
		782DEBDF29EE522E00141E57 /* CustomSalesFloorType.swift in Sources */ = {isa = PBXBuildFile; fileRef = 782DEBDE29EE522E00141E57 /* CustomSalesFloorType.swift */; };
		7846528729D42264006BF69E /* ExtensionUIImage.swift in Sources */ = {isa = PBXBuildFile; fileRef = 7846528629D42264006BF69E /* ExtensionUIImage.swift */; };
		784669742A3DDB7D00C175EB /* AlertController.swift in Sources */ = {isa = PBXBuildFile; fileRef = 784669732A3DDB7D00C175EB /* AlertController.swift */; };
		784E1F2029C8451200C9360A /* MainTabBarController.swift in Sources */ = {isa = PBXBuildFile; fileRef = 784E1F1F29C8451200C9360A /* MainTabBarController.swift */; };
		784E1F2429C84A2000C9360A /* SalesFloorMapView.storyboard in Resources */ = {isa = PBXBuildFile; fileRef = 784E1F2329C84A2000C9360A /* SalesFloorMapView.storyboard */; };
		784E1F2629C84A4700C9360A /* EditShoppingListView.storyboard in Resources */ = {isa = PBXBuildFile; fileRef = 784E1F2529C84A4700C9360A /* EditShoppingListView.storyboard */; };
		784E1F2829C84A6B00C9360A /* EditSalesFloorMapView.storyboard in Resources */ = {isa = PBXBuildFile; fileRef = 784E1F2729C84A6B00C9360A /* EditSalesFloorMapView.storyboard */; };
		784E1F2C29C84BCB00C9360A /* ShoppingListViewController.swift in Sources */ = {isa = PBXBuildFile; fileRef = 784E1F2B29C84BCB00C9360A /* ShoppingListViewController.swift */; };
		784E1F2E29C84C7900C9360A /* SalesFloorMapViewController.swift in Sources */ = {isa = PBXBuildFile; fileRef = 784E1F2D29C84C7900C9360A /* SalesFloorMapViewController.swift */; };
		784E1F3029C84CB300C9360A /* EditShoppingListViewController.swift in Sources */ = {isa = PBXBuildFile; fileRef = 784E1F2F29C84CB300C9360A /* EditShoppingListViewController.swift */; };
		784E1F3529C88C5C00C9360A /* ShoppingListView.storyboard in Resources */ = {isa = PBXBuildFile; fileRef = 784E1F3429C88C5C00C9360A /* ShoppingListView.storyboard */; };
		7850D38C29D9696500D27023 /* SalesFloorShoppingListViewController.swift in Sources */ = {isa = PBXBuildFile; fileRef = 7850D38B29D9696500D27023 /* SalesFloorShoppingListViewController.swift */; };
		7850D38E29D9698700D27023 /* SalesFloorShoppingListView.storyboard in Resources */ = {isa = PBXBuildFile; fileRef = 7850D38D29D9698700D27023 /* SalesFloorShoppingListView.storyboard */; };
		78581B6929E2E5A700930F65 /* ExtensionUIButton.swift in Sources */ = {isa = PBXBuildFile; fileRef = 78581B6829E2E5A700930F65 /* ExtensionUIButton.swift */; };
		78581B6B29E308DE00930F65 /* ExtesionUILabel.swift in Sources */ = {isa = PBXBuildFile; fileRef = 78581B6A29E308DE00930F65 /* ExtesionUILabel.swift */; };
		785D74B129C93577006F0CBB /* ErrandDataModel.swift in Sources */ = {isa = PBXBuildFile; fileRef = 785D74B029C93577006F0CBB /* ErrandDataModel.swift */; };
		785D74B329C938FF006F0CBB /* ExtensionUIColor.swift in Sources */ = {isa = PBXBuildFile; fileRef = 785D74B229C938FF006F0CBB /* ExtensionUIColor.swift */; };
		787AA84929CC42430051CE2B /* EditSalesFloorMapViewController.swift in Sources */ = {isa = PBXBuildFile; fileRef = 787AA84829CC42430051CE2B /* EditSalesFloorMapViewController.swift */; };
		787AA84C29CC44790051CE2B /* ShoppingListTableViewCellController.swift in Sources */ = {isa = PBXBuildFile; fileRef = 787AA84A29CC44790051CE2B /* ShoppingListTableViewCellController.swift */; };
		787AA84D29CC44790051CE2B /* ShoppingListTableViewCell.xib in Resources */ = {isa = PBXBuildFile; fileRef = 787AA84B29CC44790051CE2B /* ShoppingListTableViewCell.xib */; };
		7889D44D2A3AAF2300FC3F48 /* StorageManager.swift in Sources */ = {isa = PBXBuildFile; fileRef = 7889D44C2A3AAF2300FC3F48 /* StorageManager.swift */; };
		788E1E8C29CE7E2C006777E6 /* CheckBox.swift in Sources */ = {isa = PBXBuildFile; fileRef = 788E1E8B29CE7E2C006777E6 /* CheckBox.swift */; };
		7891125C29E7DB6200076C1B /* EditSelectedSalesFloorViewController.swift in Sources */ = {isa = PBXBuildFile; fileRef = 7891125B29E7DB6200076C1B /* EditSelectedSalesFloorViewController.swift */; };
		7891125E29E7DBF500076C1B /* EditSelectedSalesFloorView.storyboard in Resources */ = {isa = PBXBuildFile; fileRef = 7891125D29E7DBF500076C1B /* EditSelectedSalesFloorView.storyboard */; };
		7893D38429F1673900A9E129 /* CustomSalesFloorColor.swift in Sources */ = {isa = PBXBuildFile; fileRef = 7893D38329F1673900A9E129 /* CustomSalesFloorColor.swift */; };
		78AB3B3829C835D7004685F1 /* AppDelegate.swift in Sources */ = {isa = PBXBuildFile; fileRef = 78AB3B3729C835D7004685F1 /* AppDelegate.swift */; };
		78AB3B3A29C835D7004685F1 /* SceneDelegate.swift in Sources */ = {isa = PBXBuildFile; fileRef = 78AB3B3929C835D7004685F1 /* SceneDelegate.swift */; };
		78AB3B4129C835D8004685F1 /* Assets.xcassets in Resources */ = {isa = PBXBuildFile; fileRef = 78AB3B4029C835D8004685F1 /* Assets.xcassets */; };
		78AB3B4429C835D8004685F1 /* LaunchScreen.storyboard in Resources */ = {isa = PBXBuildFile; fileRef = 78AB3B4229C835D8004685F1 /* LaunchScreen.storyboard */; };
		78B18CC229EA985300721592 /* DefaultSalesFloorMapView.storyboard in Resources */ = {isa = PBXBuildFile; fileRef = 78B18CC129EA985300721592 /* DefaultSalesFloorMapView.storyboard */; };
		78B18CC429EA986000721592 /* CustomSalesFloorMapView.storyboard in Resources */ = {isa = PBXBuildFile; fileRef = 78B18CC329EA986000721592 /* CustomSalesFloorMapView.storyboard */; };
		78B18CC629EA98CD00721592 /* PageViewController.swift in Sources */ = {isa = PBXBuildFile; fileRef = 78B18CC529EA98CD00721592 /* PageViewController.swift */; };
		78B18CC829EA990300721592 /* DefaultSalesFloorMapViewController.swift in Sources */ = {isa = PBXBuildFile; fileRef = 78B18CC729EA990300721592 /* DefaultSalesFloorMapViewController.swift */; };
		78B18CCA29EA991B00721592 /* CustomSalesFloorMapViewController.swift in Sources */ = {isa = PBXBuildFile; fileRef = 78B18CC929EA991B00721592 /* CustomSalesFloorMapViewController.swift */; };
		78BAAB1E2A39460A000C9627 /* ShoppingItemModel.swift in Sources */ = {isa = PBXBuildFile; fileRef = 78BAAB1D2A39460A000C9627 /* ShoppingItemModel.swift */; };
		78C160762A1B1AF500C66E92 /* TutorialPageView.storyboard in Resources */ = {isa = PBXBuildFile; fileRef = 78C160752A1B1AF500C66E92 /* TutorialPageView.storyboard */; };
		78C160782A1B1C5200C66E92 /* TutorialPageViewController.swift in Sources */ = {isa = PBXBuildFile; fileRef = 78C160772A1B1C5200C66E92 /* TutorialPageViewController.swift */; };
		78C1607A2A1B3C8800C66E92 /* TutorialShoppingView.storyboard in Resources */ = {isa = PBXBuildFile; fileRef = 78C160792A1B3C8800C66E92 /* TutorialShoppingView.storyboard */; };
		78C1607C2A1B3CAF00C66E92 /* TutorialShoppingViewController.swift in Sources */ = {isa = PBXBuildFile; fileRef = 78C1607B2A1B3CAF00C66E92 /* TutorialShoppingViewController.swift */; };
		78C662EC29C83CAA004FB8ED /* UITabBarControllerView.storyboard in Resources */ = {isa = PBXBuildFile; fileRef = 78C662EB29C83CAA004FB8ED /* UITabBarControllerView.storyboard */; };
		78CAAF7829DEB6820084A8AF /* SelectTypeOfSalesFloorView.storyboard in Resources */ = {isa = PBXBuildFile; fileRef = 78CAAF7729DEB6820084A8AF /* SelectTypeOfSalesFloorView.storyboard */; };
		78CAAF7A29DEB6A00084A8AF /* SelectTypeOfSalesFloorViewController.swift in Sources */ = {isa = PBXBuildFile; fileRef = 78CAAF7929DEB6A00084A8AF /* SelectTypeOfSalesFloorViewController.swift */; };
		78CF70E82A18BCC100099A2D /* TutorialEditShoppingListView.storyboard in Resources */ = {isa = PBXBuildFile; fileRef = 78CF70E72A18BCC000099A2D /* TutorialEditShoppingListView.storyboard */; };
		78CF70EA2A18BCDF00099A2D /* TutorialEditShoppingListViewController.swift in Sources */ = {isa = PBXBuildFile; fileRef = 78CF70E92A18BCDF00099A2D /* TutorialEditShoppingListViewController.swift */; };
		78E80B312A3021E50068C71C /* GoogleService-Info.plist in Resources */ = {isa = PBXBuildFile; fileRef = 78E80B302A3021E50068C71C /* GoogleService-Info.plist */; };
		78E80B332A31D3680068C71C /* VersionManager.swift in Sources */ = {isa = PBXBuildFile; fileRef = 78E80B322A31D3680068C71C /* VersionManager.swift */; };
		78F2AA5D2A35A4AB00E2C5FF /* FirebaseErrorManager.swift in Sources */ = {isa = PBXBuildFile; fileRef = 78F2AA5C2A35A4AB00E2C5FF /* FirebaseErrorManager.swift */; };
		78F38E4929DD8C6C004972A3 /* EditItemView.storyboard in Resources */ = {isa = PBXBuildFile; fileRef = 78F38E4829DD8C6C004972A3 /* EditItemView.storyboard */; };
		78F38E4B29DD8C90004972A3 /* EditItemViewController.swift in Sources */ = {isa = PBXBuildFile; fileRef = 78F38E4A29DD8C90004972A3 /* EditItemViewController.swift */; };
		78FBBF5B2A2EEC4300EDCE9D /* AccountViewController.swift in Sources */ = {isa = PBXBuildFile; fileRef = 78FBBF5A2A2EEC4300EDCE9D /* AccountViewController.swift */; };
		78FBBF5F2A2EECB900EDCE9D /* AccountView.storyboard in Resources */ = {isa = PBXBuildFile; fileRef = 78FBBF5E2A2EECB900EDCE9D /* AccountView.storyboard */; };
		78FBBF612A2EFEDF00EDCE9D /* CreateAccountView.storyboard in Resources */ = {isa = PBXBuildFile; fileRef = 78FBBF602A2EFEDF00EDCE9D /* CreateAccountView.storyboard */; };
		78FBBF632A2EFEF500EDCE9D /* CreateAccountViewController.swift in Sources */ = {isa = PBXBuildFile; fileRef = 78FBBF622A2EFEF500EDCE9D /* CreateAccountViewController.swift */; };
		78FBBF652A2EFF3100EDCE9D /* SignInView.storyboard in Resources */ = {isa = PBXBuildFile; fileRef = 78FBBF642A2EFF3100EDCE9D /* SignInView.storyboard */; };
		78FBBF672A2EFF4400EDCE9D /* SignInViewController.swift in Sources */ = {isa = PBXBuildFile; fileRef = 78FBBF662A2EFF4400EDCE9D /* SignInViewController.swift */; };
		78FBBF692A2EFF6C00EDCE9D /* ShareSettingsView.storyboard in Resources */ = {isa = PBXBuildFile; fileRef = 78FBBF682A2EFF6C00EDCE9D /* ShareSettingsView.storyboard */; };
		78FBBF6B2A2EFF7F00EDCE9D /* ShareSettingsViewController.swift in Sources */ = {isa = PBXBuildFile; fileRef = 78FBBF6A2A2EFF7F00EDCE9D /* ShareSettingsViewController.swift */; };
/* End PBXBuildFile section */

/* Begin PBXCopyFilesBuildPhase section */
		78AC8B4929F4D5310015FEC4 /* Embed Frameworks */ = {
			isa = PBXCopyFilesBuildPhase;
			buildActionMask = 2147483647;
			dstPath = "";
			dstSubfolderSpec = 10;
			files = (
			);
			name = "Embed Frameworks";
			runOnlyForDeploymentPostprocessing = 0;
		};
/* End PBXCopyFilesBuildPhase section */

/* Begin PBXFileReference section */
		59F5F3CB7F16E55697338026 /* Pods_RemeApp.framework */ = {isa = PBXFileReference; explicitFileType = wrapper.framework; includeInIndex = 0; path = Pods_RemeApp.framework; sourceTree = BUILT_PRODUCTS_DIR; };
		78030ED329ED1D44000E40A3 /* SalesFloorMapType.swift */ = {isa = PBXFileReference; lastKnownFileType = sourcecode.swift; path = SalesFloorMapType.swift; sourceTree = "<group>"; };
		78030ED529ED1F49000E40A3 /* ShoppingStartPositionType.swift */ = {isa = PBXFileReference; lastKnownFileType = sourcecode.swift; path = ShoppingStartPositionType.swift; sourceTree = "<group>"; };
		78030ED729ED891E000E40A3 /* DefaultSalesFloorType.swift */ = {isa = PBXFileReference; lastKnownFileType = sourcecode.swift; path = DefaultSalesFloorType.swift; sourceTree = "<group>"; };
		78030ED929ED8A4C000E40A3 /* ExtensionNSNotificationName.swift */ = {isa = PBXFileReference; lastKnownFileType = sourcecode.swift; path = ExtensionNSNotificationName.swift; sourceTree = "<group>"; };
		7804039029E3F30B00DDF94D /* ExtensionUITextView.swift */ = {isa = PBXFileReference; lastKnownFileType = sourcecode.swift; path = ExtensionUITextView.swift; sourceTree = "<group>"; };
		780DCC9B2A4B0DB100ADE060 /* NetworkMonitor.swift */ = {isa = PBXFileReference; lastKnownFileType = sourcecode.swift; path = NetworkMonitor.swift; sourceTree = "<group>"; };
		78136C2C29D1348B00D90A70 /* DetailShoppingListViewController.swift */ = {isa = PBXFileReference; lastKnownFileType = sourcecode.swift; path = DetailShoppingListViewController.swift; sourceTree = "<group>"; };
		78136C2E29D136A200D90A70 /* DetailShoppingListView.storyboard */ = {isa = PBXFileReference; lastKnownFileType = file.storyboard; path = DetailShoppingListView.storyboard; sourceTree = "<group>"; };
		7815F7DC2A32BE5E00BE0B89 /* AccountManager.swift */ = {isa = PBXFileReference; lastKnownFileType = sourcecode.swift; path = AccountManager.swift; sourceTree = "<group>"; };
		7815F7DE2A33111700BE0B89 /* FirestoreManager.swift */ = {isa = PBXFileReference; lastKnownFileType = sourcecode.swift; path = FirestoreManager.swift; sourceTree = "<group>"; };
		7815F7E02A3311EE00BE0B89 /* UserDataModel.swift */ = {isa = PBXFileReference; lastKnownFileType = sourcecode.swift; path = UserDataModel.swift; sourceTree = "<group>"; };
		781D1A1A29E942C900A0EC9C /* CustomSalesFloorModel.swift */ = {isa = PBXFileReference; lastKnownFileType = sourcecode.swift; path = CustomSalesFloorModel.swift; sourceTree = "<group>"; };
		7828936C2A1A6337002A7318 /* TutorialEditSalesFloorMapView.storyboard */ = {isa = PBXFileReference; lastKnownFileType = file.storyboard; path = TutorialEditSalesFloorMapView.storyboard; sourceTree = "<group>"; };
		7828936E2A1A634F002A7318 /* TutorialEditSalesFloorMapViewController.swift */ = {isa = PBXFileReference; lastKnownFileType = sourcecode.swift; path = TutorialEditSalesFloorMapViewController.swift; sourceTree = "<group>"; };
		782DEBDE29EE522E00141E57 /* CustomSalesFloorType.swift */ = {isa = PBXFileReference; lastKnownFileType = sourcecode.swift; path = CustomSalesFloorType.swift; sourceTree = "<group>"; };
		7846528629D42264006BF69E /* ExtensionUIImage.swift */ = {isa = PBXFileReference; lastKnownFileType = sourcecode.swift; path = ExtensionUIImage.swift; sourceTree = "<group>"; };
		784669732A3DDB7D00C175EB /* AlertController.swift */ = {isa = PBXFileReference; lastKnownFileType = sourcecode.swift; path = AlertController.swift; sourceTree = "<group>"; };
		784E1F1F29C8451200C9360A /* MainTabBarController.swift */ = {isa = PBXFileReference; lastKnownFileType = sourcecode.swift; path = MainTabBarController.swift; sourceTree = "<group>"; };
		784E1F2329C84A2000C9360A /* SalesFloorMapView.storyboard */ = {isa = PBXFileReference; lastKnownFileType = file.storyboard; path = SalesFloorMapView.storyboard; sourceTree = "<group>"; };
		784E1F2529C84A4700C9360A /* EditShoppingListView.storyboard */ = {isa = PBXFileReference; lastKnownFileType = file.storyboard; path = EditShoppingListView.storyboard; sourceTree = "<group>"; };
		784E1F2729C84A6B00C9360A /* EditSalesFloorMapView.storyboard */ = {isa = PBXFileReference; lastKnownFileType = file.storyboard; path = EditSalesFloorMapView.storyboard; sourceTree = "<group>"; };
		784E1F2B29C84BCB00C9360A /* ShoppingListViewController.swift */ = {isa = PBXFileReference; lastKnownFileType = sourcecode.swift; path = ShoppingListViewController.swift; sourceTree = "<group>"; };
		784E1F2D29C84C7900C9360A /* SalesFloorMapViewController.swift */ = {isa = PBXFileReference; lastKnownFileType = sourcecode.swift; path = SalesFloorMapViewController.swift; sourceTree = "<group>"; };
		784E1F2F29C84CB300C9360A /* EditShoppingListViewController.swift */ = {isa = PBXFileReference; lastKnownFileType = sourcecode.swift; path = EditShoppingListViewController.swift; sourceTree = "<group>"; };
		784E1F3429C88C5C00C9360A /* ShoppingListView.storyboard */ = {isa = PBXFileReference; lastKnownFileType = file.storyboard; path = ShoppingListView.storyboard; sourceTree = "<group>"; };
		7850D38B29D9696500D27023 /* SalesFloorShoppingListViewController.swift */ = {isa = PBXFileReference; lastKnownFileType = sourcecode.swift; path = SalesFloorShoppingListViewController.swift; sourceTree = "<group>"; };
		7850D38D29D9698700D27023 /* SalesFloorShoppingListView.storyboard */ = {isa = PBXFileReference; lastKnownFileType = file.storyboard; path = SalesFloorShoppingListView.storyboard; sourceTree = "<group>"; };
		78581B6829E2E5A700930F65 /* ExtensionUIButton.swift */ = {isa = PBXFileReference; lastKnownFileType = sourcecode.swift; path = ExtensionUIButton.swift; sourceTree = "<group>"; };
		78581B6A29E308DE00930F65 /* ExtesionUILabel.swift */ = {isa = PBXFileReference; lastKnownFileType = sourcecode.swift; path = ExtesionUILabel.swift; sourceTree = "<group>"; };
		785D74B029C93577006F0CBB /* ErrandDataModel.swift */ = {isa = PBXFileReference; lastKnownFileType = sourcecode.swift; path = ErrandDataModel.swift; sourceTree = "<group>"; };
		785D74B229C938FF006F0CBB /* ExtensionUIColor.swift */ = {isa = PBXFileReference; lastKnownFileType = sourcecode.swift; path = ExtensionUIColor.swift; sourceTree = "<group>"; };
		787AA84829CC42430051CE2B /* EditSalesFloorMapViewController.swift */ = {isa = PBXFileReference; lastKnownFileType = sourcecode.swift; path = EditSalesFloorMapViewController.swift; sourceTree = "<group>"; };
		787AA84A29CC44790051CE2B /* ShoppingListTableViewCellController.swift */ = {isa = PBXFileReference; lastKnownFileType = sourcecode.swift; path = ShoppingListTableViewCellController.swift; sourceTree = "<group>"; };
		787AA84B29CC44790051CE2B /* ShoppingListTableViewCell.xib */ = {isa = PBXFileReference; lastKnownFileType = file.xib; path = ShoppingListTableViewCell.xib; sourceTree = "<group>"; };
		7889D44C2A3AAF2300FC3F48 /* StorageManager.swift */ = {isa = PBXFileReference; lastKnownFileType = sourcecode.swift; path = StorageManager.swift; sourceTree = "<group>"; };
		788E1E8B29CE7E2C006777E6 /* CheckBox.swift */ = {isa = PBXFileReference; lastKnownFileType = sourcecode.swift; path = CheckBox.swift; sourceTree = "<group>"; };
		7891125B29E7DB6200076C1B /* EditSelectedSalesFloorViewController.swift */ = {isa = PBXFileReference; lastKnownFileType = sourcecode.swift; path = EditSelectedSalesFloorViewController.swift; sourceTree = "<group>"; };
		7891125D29E7DBF500076C1B /* EditSelectedSalesFloorView.storyboard */ = {isa = PBXFileReference; lastKnownFileType = file.storyboard; path = EditSelectedSalesFloorView.storyboard; sourceTree = "<group>"; };
		7893D38329F1673900A9E129 /* CustomSalesFloorColor.swift */ = {isa = PBXFileReference; lastKnownFileType = sourcecode.swift; path = CustomSalesFloorColor.swift; sourceTree = "<group>"; };
		78AB3B3429C835D7004685F1 /* RemeApp.app */ = {isa = PBXFileReference; explicitFileType = wrapper.application; includeInIndex = 0; path = RemeApp.app; sourceTree = BUILT_PRODUCTS_DIR; };
		78AB3B3729C835D7004685F1 /* AppDelegate.swift */ = {isa = PBXFileReference; lastKnownFileType = sourcecode.swift; path = AppDelegate.swift; sourceTree = "<group>"; };
		78AB3B3929C835D7004685F1 /* SceneDelegate.swift */ = {isa = PBXFileReference; lastKnownFileType = sourcecode.swift; path = SceneDelegate.swift; sourceTree = "<group>"; };
		78AB3B4029C835D8004685F1 /* Assets.xcassets */ = {isa = PBXFileReference; lastKnownFileType = folder.assetcatalog; path = Assets.xcassets; sourceTree = "<group>"; };
		78AB3B4529C835D8004685F1 /* Info.plist */ = {isa = PBXFileReference; lastKnownFileType = text.plist.xml; path = Info.plist; sourceTree = "<group>"; };
		78AC8B4329F4CFA80015FEC4 /* RealmSwift.framework */ = {isa = PBXFileReference; explicitFileType = wrapper.framework; path = RealmSwift.framework; sourceTree = BUILT_PRODUCTS_DIR; };
		78B18CC129EA985300721592 /* DefaultSalesFloorMapView.storyboard */ = {isa = PBXFileReference; lastKnownFileType = file.storyboard; path = DefaultSalesFloorMapView.storyboard; sourceTree = "<group>"; };
		78B18CC329EA986000721592 /* CustomSalesFloorMapView.storyboard */ = {isa = PBXFileReference; lastKnownFileType = file.storyboard; path = CustomSalesFloorMapView.storyboard; sourceTree = "<group>"; };
		78B18CC529EA98CD00721592 /* PageViewController.swift */ = {isa = PBXFileReference; lastKnownFileType = sourcecode.swift; path = PageViewController.swift; sourceTree = "<group>"; };
		78B18CC729EA990300721592 /* DefaultSalesFloorMapViewController.swift */ = {isa = PBXFileReference; lastKnownFileType = sourcecode.swift; path = DefaultSalesFloorMapViewController.swift; sourceTree = "<group>"; };
		78B18CC929EA991B00721592 /* CustomSalesFloorMapViewController.swift */ = {isa = PBXFileReference; lastKnownFileType = sourcecode.swift; path = CustomSalesFloorMapViewController.swift; sourceTree = "<group>"; };
		78BAAB1D2A39460A000C9627 /* ShoppingItemModel.swift */ = {isa = PBXFileReference; lastKnownFileType = sourcecode.swift; path = ShoppingItemModel.swift; sourceTree = "<group>"; };
		78C160752A1B1AF500C66E92 /* TutorialPageView.storyboard */ = {isa = PBXFileReference; lastKnownFileType = file.storyboard; path = TutorialPageView.storyboard; sourceTree = "<group>"; };
		78C160772A1B1C5200C66E92 /* TutorialPageViewController.swift */ = {isa = PBXFileReference; lastKnownFileType = sourcecode.swift; path = TutorialPageViewController.swift; sourceTree = "<group>"; };
		78C160792A1B3C8800C66E92 /* TutorialShoppingView.storyboard */ = {isa = PBXFileReference; lastKnownFileType = file.storyboard; path = TutorialShoppingView.storyboard; sourceTree = "<group>"; };
		78C1607B2A1B3CAF00C66E92 /* TutorialShoppingViewController.swift */ = {isa = PBXFileReference; lastKnownFileType = sourcecode.swift; path = TutorialShoppingViewController.swift; sourceTree = "<group>"; };
		78C662EB29C83CAA004FB8ED /* UITabBarControllerView.storyboard */ = {isa = PBXFileReference; lastKnownFileType = file.storyboard; path = UITabBarControllerView.storyboard; sourceTree = "<group>"; };
		78CAAF7729DEB6820084A8AF /* SelectTypeOfSalesFloorView.storyboard */ = {isa = PBXFileReference; lastKnownFileType = file.storyboard; path = SelectTypeOfSalesFloorView.storyboard; sourceTree = "<group>"; };
		78CAAF7929DEB6A00084A8AF /* SelectTypeOfSalesFloorViewController.swift */ = {isa = PBXFileReference; lastKnownFileType = sourcecode.swift; path = SelectTypeOfSalesFloorViewController.swift; sourceTree = "<group>"; };
		78CAAF7B29DFCFE70084A8AF /* Base */ = {isa = PBXFileReference; lastKnownFileType = file.storyboard; name = Base; path = Base.lproj/LaunchScreen.storyboard; sourceTree = "<group>"; };
		78CAAF7C29DFD0EA0084A8AF /* en */ = {isa = PBXFileReference; lastKnownFileType = text.plist.strings; name = en; path = en.lproj/LaunchScreen.strings; sourceTree = "<group>"; };
		78CAAF7D29DFD1090084A8AF /* ja */ = {isa = PBXFileReference; lastKnownFileType = text.plist.strings; name = ja; path = ja.lproj/LaunchScreen.strings; sourceTree = "<group>"; };
		78CF70E72A18BCC000099A2D /* TutorialEditShoppingListView.storyboard */ = {isa = PBXFileReference; lastKnownFileType = file.storyboard; path = TutorialEditShoppingListView.storyboard; sourceTree = "<group>"; };
		78CF70E92A18BCDF00099A2D /* TutorialEditShoppingListViewController.swift */ = {isa = PBXFileReference; lastKnownFileType = sourcecode.swift; path = TutorialEditShoppingListViewController.swift; sourceTree = "<group>"; };
		78E80B302A3021E50068C71C /* GoogleService-Info.plist */ = {isa = PBXFileReference; fileEncoding = 4; lastKnownFileType = text.plist.xml; path = "GoogleService-Info.plist"; sourceTree = "<group>"; };
		78E80B322A31D3680068C71C /* VersionManager.swift */ = {isa = PBXFileReference; lastKnownFileType = sourcecode.swift; path = VersionManager.swift; sourceTree = "<group>"; };
		78F2AA5C2A35A4AB00E2C5FF /* FirebaseErrorManager.swift */ = {isa = PBXFileReference; lastKnownFileType = sourcecode.swift; path = FirebaseErrorManager.swift; sourceTree = "<group>"; };
		78F38E4829DD8C6C004972A3 /* EditItemView.storyboard */ = {isa = PBXFileReference; lastKnownFileType = file.storyboard; path = EditItemView.storyboard; sourceTree = "<group>"; };
		78F38E4A29DD8C90004972A3 /* EditItemViewController.swift */ = {isa = PBXFileReference; lastKnownFileType = sourcecode.swift; path = EditItemViewController.swift; sourceTree = "<group>"; };
		78FBBF5A2A2EEC4300EDCE9D /* AccountViewController.swift */ = {isa = PBXFileReference; lastKnownFileType = sourcecode.swift; name = AccountViewController.swift; path = RemeApp/Controller/AccountView/AccountViewController.swift; sourceTree = SOURCE_ROOT; };
		78FBBF5E2A2EECB900EDCE9D /* AccountView.storyboard */ = {isa = PBXFileReference; lastKnownFileType = file.storyboard; path = AccountView.storyboard; sourceTree = "<group>"; };
		78FBBF602A2EFEDF00EDCE9D /* CreateAccountView.storyboard */ = {isa = PBXFileReference; lastKnownFileType = file.storyboard; path = CreateAccountView.storyboard; sourceTree = "<group>"; };
		78FBBF622A2EFEF500EDCE9D /* CreateAccountViewController.swift */ = {isa = PBXFileReference; lastKnownFileType = sourcecode.swift; path = CreateAccountViewController.swift; sourceTree = "<group>"; };
		78FBBF642A2EFF3100EDCE9D /* SignInView.storyboard */ = {isa = PBXFileReference; lastKnownFileType = file.storyboard; path = SignInView.storyboard; sourceTree = "<group>"; };
		78FBBF662A2EFF4400EDCE9D /* SignInViewController.swift */ = {isa = PBXFileReference; lastKnownFileType = sourcecode.swift; path = SignInViewController.swift; sourceTree = "<group>"; };
		78FBBF682A2EFF6C00EDCE9D /* ShareSettingsView.storyboard */ = {isa = PBXFileReference; lastKnownFileType = file.storyboard; path = ShareSettingsView.storyboard; sourceTree = "<group>"; };
		78FBBF6A2A2EFF7F00EDCE9D /* ShareSettingsViewController.swift */ = {isa = PBXFileReference; lastKnownFileType = sourcecode.swift; path = ShareSettingsViewController.swift; sourceTree = "<group>"; };
		9BB669364721E9D4EB5C2E6F /* Pods-RemeApp.release.xcconfig */ = {isa = PBXFileReference; includeInIndex = 1; lastKnownFileType = text.xcconfig; name = "Pods-RemeApp.release.xcconfig"; path = "Target Support Files/Pods-RemeApp/Pods-RemeApp.release.xcconfig"; sourceTree = "<group>"; };
		FBFE1022C1CF2ECD457387F9 /* Pods-RemeApp.debug.xcconfig */ = {isa = PBXFileReference; includeInIndex = 1; lastKnownFileType = text.xcconfig; name = "Pods-RemeApp.debug.xcconfig"; path = "Target Support Files/Pods-RemeApp/Pods-RemeApp.debug.xcconfig"; sourceTree = "<group>"; };
/* End PBXFileReference section */

/* Begin PBXFrameworksBuildPhase section */
		78AB3B3129C835D7004685F1 /* Frameworks */ = {
			isa = PBXFrameworksBuildPhase;
			buildActionMask = 2147483647;
			files = (
				74DD2BEC778B137D141F0BFD /* Pods_RemeApp.framework in Frameworks */,
			);
			runOnlyForDeploymentPostprocessing = 0;
		};
/* End PBXFrameworksBuildPhase section */

/* Begin PBXGroup section */
		457F5F0CCA8D43BEBB52ACE3 /* Frameworks */ = {
			isa = PBXGroup;
			children = (
				78AC8B4329F4CFA80015FEC4 /* RealmSwift.framework */,
				59F5F3CB7F16E55697338026 /* Pods_RemeApp.framework */,
			);
			name = Frameworks;
			sourceTree = "<group>";
		};
		78AB3B2B29C835D7004685F1 = {
			isa = PBXGroup;
			children = (
				78AB3B3629C835D7004685F1 /* RemeApp */,
				78AB3B3529C835D7004685F1 /* Products */,
				8507120358070AA0C6EFDBBF /* Pods */,
				457F5F0CCA8D43BEBB52ACE3 /* Frameworks */,
			);
			sourceTree = "<group>";
		};
		78AB3B3529C835D7004685F1 /* Products */ = {
			isa = PBXGroup;
			children = (
				78AB3B3429C835D7004685F1 /* RemeApp.app */,
			);
			name = Products;
			sourceTree = "<group>";
		};
		78AB3B3629C835D7004685F1 /* RemeApp */ = {
			isa = PBXGroup;
			children = (
				78F6F6FD29D9552F00AF4DC0 /* Model */,
				78F6F6FF29D9555500AF4DC0 /* View */,
				78F6F70029D9556500AF4DC0 /* Controller */,
				78F6F70229D9565A00AF4DC0 /* Delegate */,
				78F6F70129D9562300AF4DC0 /* Extension */,
				788E1E8B29CE7E2C006777E6 /* CheckBox.swift */,
				78AB3B4529C835D8004685F1 /* Info.plist */,
				78AB3B4029C835D8004685F1 /* Assets.xcassets */,
				78E80B302A3021E50068C71C /* GoogleService-Info.plist */,
			);
			path = RemeApp;
			sourceTree = "<group>";
		};
		78BAAB1B2A394562000C9627 /* API */ = {
			isa = PBXGroup;
			children = (
				78F2AA5C2A35A4AB00E2C5FF /* FirebaseErrorManager.swift */,
				780DCC9B2A4B0DB100ADE060 /* NetworkMonitor.swift */,
				78BAAB1C2A394594000C9627 /* Request */,
			);
			path = API;
			sourceTree = "<group>";
		};
		78BAAB1C2A394594000C9627 /* Request */ = {
			isa = PBXGroup;
			children = (
				7815F7DE2A33111700BE0B89 /* FirestoreManager.swift */,
				7815F7DC2A32BE5E00BE0B89 /* AccountManager.swift */,
				7889D44C2A3AAF2300FC3F48 /* StorageManager.swift */,
			);
			path = Request;
			sourceTree = "<group>";
		};
		78C1607D2A1B64C500C66E92 /* Tutorial */ = {
			isa = PBXGroup;
			children = (
				78C160752A1B1AF500C66E92 /* TutorialPageView.storyboard */,
				78CF70E72A18BCC000099A2D /* TutorialEditShoppingListView.storyboard */,
				7828936C2A1A6337002A7318 /* TutorialEditSalesFloorMapView.storyboard */,
				78C160792A1B3C8800C66E92 /* TutorialShoppingView.storyboard */,
			);
			path = Tutorial;
			sourceTree = "<group>";
		};
		78C1607E2A1B651900C66E92 /* Tutorial */ = {
			isa = PBXGroup;
			children = (
				78C160772A1B1C5200C66E92 /* TutorialPageViewController.swift */,
				78CF70E92A18BCDF00099A2D /* TutorialEditShoppingListViewController.swift */,
				7828936E2A1A634F002A7318 /* TutorialEditSalesFloorMapViewController.swift */,
				78C1607B2A1B3CAF00C66E92 /* TutorialShoppingViewController.swift */,
			);
			path = Tutorial;
			sourceTree = "<group>";
		};
		78EDF40729DD111300A6407D /* ShoppingListView */ = {
			isa = PBXGroup;
			children = (
				784E1F2B29C84BCB00C9360A /* ShoppingListViewController.swift */,
				78136C2C29D1348B00D90A70 /* DetailShoppingListViewController.swift */,
			);
			path = ShoppingListView;
			sourceTree = "<group>";
		};
		78EDF40829DD114300A6407D /* SalesFloorMapView  */ = {
			isa = PBXGroup;
			children = (
				784E1F2D29C84C7900C9360A /* SalesFloorMapViewController.swift */,
				7850D38B29D9696500D27023 /* SalesFloorShoppingListViewController.swift */,
			);
			path = "SalesFloorMapView ";
			sourceTree = "<group>";
		};
		78EDF40929DD117900A6407D /* EditShoppingListView */ = {
			isa = PBXGroup;
			children = (
				784E1F2F29C84CB300C9360A /* EditShoppingListViewController.swift */,
				78F38E4A29DD8C90004972A3 /* EditItemViewController.swift */,
				78CAAF7929DEB6A00084A8AF /* SelectTypeOfSalesFloorViewController.swift */,
			);
			path = EditShoppingListView;
			sourceTree = "<group>";
		};
		78EDF40A29DD11EE00A6407D /* EditSalesFloorMapView */ = {
			isa = PBXGroup;
			children = (
				787AA84829CC42430051CE2B /* EditSalesFloorMapViewController.swift */,
				78B18CC529EA98CD00721592 /* PageViewController.swift */,
				78B18CC729EA990300721592 /* DefaultSalesFloorMapViewController.swift */,
				78B18CC929EA991B00721592 /* CustomSalesFloorMapViewController.swift */,
				7891125B29E7DB6200076C1B /* EditSelectedSalesFloorViewController.swift */,
			);
			path = EditSalesFloorMapView;
			sourceTree = "<group>";
		};
		78EDF40B29DD121900A6407D /* CustumCell */ = {
			isa = PBXGroup;
			children = (
				787AA84A29CC44790051CE2B /* ShoppingListTableViewCellController.swift */,
			);
			path = CustumCell;
			sourceTree = "<group>";
		};
		78EDF40C29DD12BE00A6407D /* ShoppingListView */ = {
			isa = PBXGroup;
			children = (
				784E1F3429C88C5C00C9360A /* ShoppingListView.storyboard */,
				78136C2E29D136A200D90A70 /* DetailShoppingListView.storyboard */,
			);
			path = ShoppingListView;
			sourceTree = "<group>";
		};
		78EDF40D29DD12EF00A6407D /* SalesFloorMapView  */ = {
			isa = PBXGroup;
			children = (
				784E1F2329C84A2000C9360A /* SalesFloorMapView.storyboard */,
				7850D38D29D9698700D27023 /* SalesFloorShoppingListView.storyboard */,
			);
			path = "SalesFloorMapView ";
			sourceTree = "<group>";
		};
		78EDF40E29DD131600A6407D /* EditShoppingListView */ = {
			isa = PBXGroup;
			children = (
				784E1F2529C84A4700C9360A /* EditShoppingListView.storyboard */,
				78F38E4829DD8C6C004972A3 /* EditItemView.storyboard */,
				78CAAF7729DEB6820084A8AF /* SelectTypeOfSalesFloorView.storyboard */,
			);
			path = EditShoppingListView;
			sourceTree = "<group>";
		};
		78EDF40F29DD132900A6407D /* EditSalesFloorMapView */ = {
			isa = PBXGroup;
			children = (
				784E1F2729C84A6B00C9360A /* EditSalesFloorMapView.storyboard */,
				78B18CC329EA986000721592 /* CustomSalesFloorMapView.storyboard */,
				78B18CC129EA985300721592 /* DefaultSalesFloorMapView.storyboard */,
				7891125D29E7DBF500076C1B /* EditSelectedSalesFloorView.storyboard */,
			);
			path = EditSalesFloorMapView;
			sourceTree = "<group>";
		};
		78EDF41029DD134800A6407D /* CustumCell */ = {
			isa = PBXGroup;
			children = (
				787AA84B29CC44790051CE2B /* ShoppingListTableViewCell.xib */,
			);
			path = CustumCell;
			sourceTree = "<group>";
		};
		78F2AA5B2A35A40200E2C5FF /* FirebaseModel */ = {
			isa = PBXGroup;
			children = (
				7815F7E02A3311EE00BE0B89 /* UserDataModel.swift */,
				78BAAB1D2A39460A000C9627 /* ShoppingItemModel.swift */,
			);
			path = FirebaseModel;
			sourceTree = "<group>";
		};
		78F6F6FD29D9552F00AF4DC0 /* Model */ = {
			isa = PBXGroup;
			children = (
				785D74B029C93577006F0CBB /* ErrandDataModel.swift */,
				78030ED329ED1D44000E40A3 /* SalesFloorMapType.swift */,
				78030ED529ED1F49000E40A3 /* ShoppingStartPositionType.swift */,
				78030ED729ED891E000E40A3 /* DefaultSalesFloorType.swift */,
				781D1A1A29E942C900A0EC9C /* CustomSalesFloorModel.swift */,
				782DEBDE29EE522E00141E57 /* CustomSalesFloorType.swift */,
				7893D38329F1673900A9E129 /* CustomSalesFloorColor.swift */,
				78E80B322A31D3680068C71C /* VersionManager.swift */,
				78BAAB1B2A394562000C9627 /* API */,
				78F2AA5B2A35A40200E2C5FF /* FirebaseModel */,
			);
			path = Model;
			sourceTree = "<group>";
		};
		78F6F6FF29D9555500AF4DC0 /* View */ = {
			isa = PBXGroup;
			children = (
				78AB3B4229C835D8004685F1 /* LaunchScreen.storyboard */,
				78C662EB29C83CAA004FB8ED /* UITabBarControllerView.storyboard */,
				78C1607D2A1B64C500C66E92 /* Tutorial */,
				78EDF40C29DD12BE00A6407D /* ShoppingListView */,
				78EDF40D29DD12EF00A6407D /* SalesFloorMapView  */,
				78FBBF5C2A2EEC6600EDCE9D /* AccountView */,
				78EDF40E29DD131600A6407D /* EditShoppingListView */,
				78EDF40F29DD132900A6407D /* EditSalesFloorMapView */,
				78EDF41029DD134800A6407D /* CustumCell */,
			);
			path = View;
			sourceTree = "<group>";
		};
		78F6F70029D9556500AF4DC0 /* Controller */ = {
			isa = PBXGroup;
			children = (
				784E1F1F29C8451200C9360A /* MainTabBarController.swift */,
				784669732A3DDB7D00C175EB /* AlertController.swift */,
				78C1607E2A1B651900C66E92 /* Tutorial */,
				78EDF40729DD111300A6407D /* ShoppingListView */,
				78EDF40829DD114300A6407D /* SalesFloorMapView  */,
				78FBBF5D2A2EEC9300EDCE9D /* AccountView */,
				78EDF40929DD117900A6407D /* EditShoppingListView */,
				78EDF40A29DD11EE00A6407D /* EditSalesFloorMapView */,
				78EDF40B29DD121900A6407D /* CustumCell */,
			);
			path = Controller;
			sourceTree = "<group>";
		};
		78F6F70129D9562300AF4DC0 /* Extension */ = {
			isa = PBXGroup;
			children = (
				785D74B229C938FF006F0CBB /* ExtensionUIColor.swift */,
				7846528629D42264006BF69E /* ExtensionUIImage.swift */,
				78581B6829E2E5A700930F65 /* ExtensionUIButton.swift */,
				78581B6A29E308DE00930F65 /* ExtesionUILabel.swift */,
				7804039029E3F30B00DDF94D /* ExtensionUITextView.swift */,
				78030ED929ED8A4C000E40A3 /* ExtensionNSNotificationName.swift */,
			);
			path = Extension;
			sourceTree = "<group>";
		};
		78F6F70229D9565A00AF4DC0 /* Delegate */ = {
			isa = PBXGroup;
			children = (
				78AB3B3729C835D7004685F1 /* AppDelegate.swift */,
				78AB3B3929C835D7004685F1 /* SceneDelegate.swift */,
			);
			path = Delegate;
			sourceTree = "<group>";
		};
		78FBBF5C2A2EEC6600EDCE9D /* AccountView */ = {
			isa = PBXGroup;
			children = (
				78FBBF5E2A2EECB900EDCE9D /* AccountView.storyboard */,
				78FBBF602A2EFEDF00EDCE9D /* CreateAccountView.storyboard */,
				78FBBF642A2EFF3100EDCE9D /* SignInView.storyboard */,
				78FBBF682A2EFF6C00EDCE9D /* ShareSettingsView.storyboard */,
			);
			path = AccountView;
			sourceTree = "<group>";
		};
		78FBBF5D2A2EEC9300EDCE9D /* AccountView */ = {
			isa = PBXGroup;
			children = (
				78FBBF5A2A2EEC4300EDCE9D /* AccountViewController.swift */,
				78FBBF622A2EFEF500EDCE9D /* CreateAccountViewController.swift */,
				78FBBF662A2EFF4400EDCE9D /* SignInViewController.swift */,
				78FBBF6A2A2EFF7F00EDCE9D /* ShareSettingsViewController.swift */,
			);
			path = AccountView;
			sourceTree = "<group>";
		};
		8507120358070AA0C6EFDBBF /* Pods */ = {
			isa = PBXGroup;
			children = (
				FBFE1022C1CF2ECD457387F9 /* Pods-RemeApp.debug.xcconfig */,
				9BB669364721E9D4EB5C2E6F /* Pods-RemeApp.release.xcconfig */,
			);
			path = Pods;
			sourceTree = "<group>";
		};
/* End PBXGroup section */

/* Begin PBXNativeTarget section */
		78AB3B3329C835D7004685F1 /* RemeApp */ = {
			isa = PBXNativeTarget;
			buildConfigurationList = 78AB3B4829C835D8004685F1 /* Build configuration list for PBXNativeTarget "RemeApp" */;
			buildPhases = (
				C3870B93DEE955FC6C8BA5D3 /* [CP] Check Pods Manifest.lock */,
				78AB3B3029C835D7004685F1 /* Sources */,
				78AB3B3129C835D7004685F1 /* Frameworks */,
				78AB3B3229C835D7004685F1 /* Resources */,
				78AC8B4929F4D5310015FEC4 /* Embed Frameworks */,
				9CEF2829D2CDFE3857C07142 /* [CP] Embed Pods Frameworks */,
			);
			buildRules = (
			);
			dependencies = (
			);
			name = RemeApp;
			productName = RemeApp;
			productReference = 78AB3B3429C835D7004685F1 /* RemeApp.app */;
			productType = "com.apple.product-type.application";
		};
/* End PBXNativeTarget section */

/* Begin PBXProject section */
		78AB3B2C29C835D7004685F1 /* Project object */ = {
			isa = PBXProject;
			attributes = {
				BuildIndependentTargetsInParallel = 1;
				LastSwiftUpdateCheck = 1420;
				LastUpgradeCheck = 1420;
				TargetAttributes = {
					78AB3B3329C835D7004685F1 = {
						CreatedOnToolsVersion = 14.2;
					};
				};
			};
			buildConfigurationList = 78AB3B2F29C835D7004685F1 /* Build configuration list for PBXProject "RemeApp" */;
			compatibilityVersion = "Xcode 14.0";
			developmentRegion = ja;
			hasScannedForEncodings = 0;
			knownRegions = (
				Base,
				en,
				ja,
			);
			mainGroup = 78AB3B2B29C835D7004685F1;
			productRefGroup = 78AB3B3529C835D7004685F1 /* Products */;
			projectDirPath = "";
			projectRoot = "";
			targets = (
				78AB3B3329C835D7004685F1 /* RemeApp */,
			);
		};
/* End PBXProject section */

/* Begin PBXResourcesBuildPhase section */
		78AB3B3229C835D7004685F1 /* Resources */ = {
			isa = PBXResourcesBuildPhase;
			buildActionMask = 2147483647;
			files = (
				78AB3B4429C835D8004685F1 /* LaunchScreen.storyboard in Resources */,
				78FBBF5F2A2EECB900EDCE9D /* AccountView.storyboard in Resources */,
				784E1F2629C84A4700C9360A /* EditShoppingListView.storyboard in Resources */,
				78C662EC29C83CAA004FB8ED /* UITabBarControllerView.storyboard in Resources */,
				78FBBF612A2EFEDF00EDCE9D /* CreateAccountView.storyboard in Resources */,
				78FBBF652A2EFF3100EDCE9D /* SignInView.storyboard in Resources */,
				78F38E4929DD8C6C004972A3 /* EditItemView.storyboard in Resources */,
				787AA84D29CC44790051CE2B /* ShoppingListTableViewCell.xib in Resources */,
				78AB3B4129C835D8004685F1 /* Assets.xcassets in Resources */,
				7850D38E29D9698700D27023 /* SalesFloorShoppingListView.storyboard in Resources */,
				78B18CC429EA986000721592 /* CustomSalesFloorMapView.storyboard in Resources */,
				78136C2F29D136A200D90A70 /* DetailShoppingListView.storyboard in Resources */,
				784E1F2429C84A2000C9360A /* SalesFloorMapView.storyboard in Resources */,
				78B18CC229EA985300721592 /* DefaultSalesFloorMapView.storyboard in Resources */,
				78FBBF692A2EFF6C00EDCE9D /* ShareSettingsView.storyboard in Resources */,
				7828936D2A1A6337002A7318 /* TutorialEditSalesFloorMapView.storyboard in Resources */,
				78CAAF7829DEB6820084A8AF /* SelectTypeOfSalesFloorView.storyboard in Resources */,
				78E80B312A3021E50068C71C /* GoogleService-Info.plist in Resources */,
				78C1607A2A1B3C8800C66E92 /* TutorialShoppingView.storyboard in Resources */,
				784E1F2829C84A6B00C9360A /* EditSalesFloorMapView.storyboard in Resources */,
				78CF70E82A18BCC100099A2D /* TutorialEditShoppingListView.storyboard in Resources */,
				784E1F3529C88C5C00C9360A /* ShoppingListView.storyboard in Resources */,
				78C160762A1B1AF500C66E92 /* TutorialPageView.storyboard in Resources */,
				7891125E29E7DBF500076C1B /* EditSelectedSalesFloorView.storyboard in Resources */,
			);
			runOnlyForDeploymentPostprocessing = 0;
		};
/* End PBXResourcesBuildPhase section */

/* Begin PBXShellScriptBuildPhase section */
		9CEF2829D2CDFE3857C07142 /* [CP] Embed Pods Frameworks */ = {
			isa = PBXShellScriptBuildPhase;
			buildActionMask = 2147483647;
			files = (
			);
			inputFileListPaths = (
				"${PODS_ROOT}/Target Support Files/Pods-RemeApp/Pods-RemeApp-frameworks-${CONFIGURATION}-input-files.xcfilelist",
			);
			name = "[CP] Embed Pods Frameworks";
			outputFileListPaths = (
				"${PODS_ROOT}/Target Support Files/Pods-RemeApp/Pods-RemeApp-frameworks-${CONFIGURATION}-output-files.xcfilelist",
			);
			runOnlyForDeploymentPostprocessing = 0;
			shellPath = /bin/sh;
			shellScript = "\"${PODS_ROOT}/Target Support Files/Pods-RemeApp/Pods-RemeApp-frameworks.sh\"\n";
			showEnvVarsInLog = 0;
		};
		C3870B93DEE955FC6C8BA5D3 /* [CP] Check Pods Manifest.lock */ = {
			isa = PBXShellScriptBuildPhase;
			buildActionMask = 2147483647;
			files = (
			);
			inputFileListPaths = (
			);
			inputPaths = (
				"${PODS_PODFILE_DIR_PATH}/Podfile.lock",
				"${PODS_ROOT}/Manifest.lock",
			);
			name = "[CP] Check Pods Manifest.lock";
			outputFileListPaths = (
			);
			outputPaths = (
				"$(DERIVED_FILE_DIR)/Pods-RemeApp-checkManifestLockResult.txt",
			);
			runOnlyForDeploymentPostprocessing = 0;
			shellPath = /bin/sh;
			shellScript = "diff \"${PODS_PODFILE_DIR_PATH}/Podfile.lock\" \"${PODS_ROOT}/Manifest.lock\" > /dev/null\nif [ $? != 0 ] ; then\n    # print error to STDERR\n    echo \"error: The sandbox is not in sync with the Podfile.lock. Run 'pod install' or update your CocoaPods installation.\" >&2\n    exit 1\nfi\n# This output is used by Xcode 'outputs' to avoid re-running this script phase.\necho \"SUCCESS\" > \"${SCRIPT_OUTPUT_FILE_0}\"\n";
			showEnvVarsInLog = 0;
		};
/* End PBXShellScriptBuildPhase section */

/* Begin PBXSourcesBuildPhase section */
		78AB3B3029C835D7004685F1 /* Sources */ = {
			isa = PBXSourcesBuildPhase;
			buildActionMask = 2147483647;
			files = (
				7846528729D42264006BF69E /* ExtensionUIImage.swift in Sources */,
				78581B6B29E308DE00930F65 /* ExtesionUILabel.swift in Sources */,
				78C1607C2A1B3CAF00C66E92 /* TutorialShoppingViewController.swift in Sources */,
				784E1F3029C84CB300C9360A /* EditShoppingListViewController.swift in Sources */,
				78581B6929E2E5A700930F65 /* ExtensionUIButton.swift in Sources */,
				787AA84C29CC44790051CE2B /* ShoppingListTableViewCellController.swift in Sources */,
				7891125C29E7DB6200076C1B /* EditSelectedSalesFloorViewController.swift in Sources */,
				784E1F2C29C84BCB00C9360A /* ShoppingListViewController.swift in Sources */,
				78B18CCA29EA991B00721592 /* CustomSalesFloorMapViewController.swift in Sources */,
				78136C2D29D1348B00D90A70 /* DetailShoppingListViewController.swift in Sources */,
				788E1E8C29CE7E2C006777E6 /* CheckBox.swift in Sources */,
				782DEBDF29EE522E00141E57 /* CustomSalesFloorType.swift in Sources */,
				7889D44D2A3AAF2300FC3F48 /* StorageManager.swift in Sources */,
				78030EDA29ED8A4C000E40A3 /* ExtensionNSNotificationName.swift in Sources */,
				78B18CC629EA98CD00721592 /* PageViewController.swift in Sources */,
				784E1F2029C8451200C9360A /* MainTabBarController.swift in Sources */,
				7815F7DD2A32BE5E00BE0B89 /* AccountManager.swift in Sources */,
				781D1A1B29E942C900A0EC9C /* CustomSalesFloorModel.swift in Sources */,
				78FBBF5B2A2EEC4300EDCE9D /* AccountViewController.swift in Sources */,
				785D74B329C938FF006F0CBB /* ExtensionUIColor.swift in Sources */,
				78F38E4B29DD8C90004972A3 /* EditItemViewController.swift in Sources */,
				78B18CC829EA990300721592 /* DefaultSalesFloorMapViewController.swift in Sources */,
				7850D38C29D9696500D27023 /* SalesFloorShoppingListViewController.swift in Sources */,
				78BAAB1E2A39460A000C9627 /* ShoppingItemModel.swift in Sources */,
				78FBBF6B2A2EFF7F00EDCE9D /* ShareSettingsViewController.swift in Sources */,
				78AB3B3829C835D7004685F1 /* AppDelegate.swift in Sources */,
				78AB3B3A29C835D7004685F1 /* SceneDelegate.swift in Sources */,
				780DCC9C2A4B0DB100ADE060 /* NetworkMonitor.swift in Sources */,
				78030ED829ED891E000E40A3 /* DefaultSalesFloorType.swift in Sources */,
				78F2AA5D2A35A4AB00E2C5FF /* FirebaseErrorManager.swift in Sources */,
				78FBBF632A2EFEF500EDCE9D /* CreateAccountViewController.swift in Sources */,
				78030ED629ED1F49000E40A3 /* ShoppingStartPositionType.swift in Sources */,
				784E1F2E29C84C7900C9360A /* SalesFloorMapViewController.swift in Sources */,
				785D74B129C93577006F0CBB /* ErrandDataModel.swift in Sources */,
				7815F7E12A3311EE00BE0B89 /* UserDataModel.swift in Sources */,
				784669742A3DDB7D00C175EB /* AlertController.swift in Sources */,
				78030ED429ED1D44000E40A3 /* SalesFloorMapType.swift in Sources */,
				78FBBF672A2EFF4400EDCE9D /* SignInViewController.swift in Sources */,
				78CAAF7A29DEB6A00084A8AF /* SelectTypeOfSalesFloorViewController.swift in Sources */,
				78CF70EA2A18BCDF00099A2D /* TutorialEditShoppingListViewController.swift in Sources */,
				7893D38429F1673900A9E129 /* CustomSalesFloorColor.swift in Sources */,
				78E80B332A31D3680068C71C /* VersionManager.swift in Sources */,
				78C160782A1B1C5200C66E92 /* TutorialPageViewController.swift in Sources */,
				7815F7DF2A33111700BE0B89 /* FirestoreManager.swift in Sources */,
				7828936F2A1A634F002A7318 /* TutorialEditSalesFloorMapViewController.swift in Sources */,
				787AA84929CC42430051CE2B /* EditSalesFloorMapViewController.swift in Sources */,
				7804039129E3F30B00DDF94D /* ExtensionUITextView.swift in Sources */,
			);
			runOnlyForDeploymentPostprocessing = 0;
		};
/* End PBXSourcesBuildPhase section */

/* Begin PBXVariantGroup section */
		78AB3B4229C835D8004685F1 /* LaunchScreen.storyboard */ = {
			isa = PBXVariantGroup;
			children = (
				78CAAF7B29DFCFE70084A8AF /* Base */,
				78CAAF7C29DFD0EA0084A8AF /* en */,
				78CAAF7D29DFD1090084A8AF /* ja */,
			);
			name = LaunchScreen.storyboard;
			sourceTree = "<group>";
		};
/* End PBXVariantGroup section */

/* Begin XCBuildConfiguration section */
		78AB3B4629C835D8004685F1 /* Debug */ = {
			isa = XCBuildConfiguration;
			buildSettings = {
				ALWAYS_SEARCH_USER_PATHS = NO;
				CLANG_ANALYZER_LOCALIZABILITY_NONLOCALIZED = YES;
				CLANG_ANALYZER_NONNULL = YES;
				CLANG_ANALYZER_NUMBER_OBJECT_CONVERSION = YES_AGGRESSIVE;
				CLANG_CXX_LANGUAGE_STANDARD = "gnu++20";
				CLANG_ENABLE_MODULES = YES;
				CLANG_ENABLE_OBJC_ARC = YES;
				CLANG_ENABLE_OBJC_WEAK = YES;
				CLANG_WARN_BLOCK_CAPTURE_AUTORELEASING = YES;
				CLANG_WARN_BOOL_CONVERSION = YES;
				CLANG_WARN_COMMA = YES;
				CLANG_WARN_CONSTANT_CONVERSION = YES;
				CLANG_WARN_DEPRECATED_OBJC_IMPLEMENTATIONS = YES;
				CLANG_WARN_DIRECT_OBJC_ISA_USAGE = YES_ERROR;
				CLANG_WARN_DOCUMENTATION_COMMENTS = YES;
				CLANG_WARN_EMPTY_BODY = YES;
				CLANG_WARN_ENUM_CONVERSION = YES;
				CLANG_WARN_INFINITE_RECURSION = YES;
				CLANG_WARN_INT_CONVERSION = YES;
				CLANG_WARN_NON_LITERAL_NULL_CONVERSION = YES;
				CLANG_WARN_OBJC_IMPLICIT_RETAIN_SELF = YES;
				CLANG_WARN_OBJC_LITERAL_CONVERSION = YES;
				CLANG_WARN_OBJC_ROOT_CLASS = YES_ERROR;
				CLANG_WARN_QUOTED_INCLUDE_IN_FRAMEWORK_HEADER = YES;
				CLANG_WARN_RANGE_LOOP_ANALYSIS = YES;
				CLANG_WARN_STRICT_PROTOTYPES = YES;
				CLANG_WARN_SUSPICIOUS_MOVE = YES;
				CLANG_WARN_UNGUARDED_AVAILABILITY = YES_AGGRESSIVE;
				CLANG_WARN_UNREACHABLE_CODE = YES;
				CLANG_WARN__DUPLICATE_METHOD_MATCH = YES;
				COPY_PHASE_STRIP = NO;
				DEBUG_INFORMATION_FORMAT = dwarf;
				ENABLE_STRICT_OBJC_MSGSEND = YES;
				ENABLE_TESTABILITY = YES;
				GCC_C_LANGUAGE_STANDARD = gnu11;
				GCC_DYNAMIC_NO_PIC = NO;
				GCC_NO_COMMON_BLOCKS = YES;
				GCC_OPTIMIZATION_LEVEL = 0;
				GCC_PREPROCESSOR_DEFINITIONS = (
					"DEBUG=1",
					"$(inherited)",
				);
				GCC_WARN_64_TO_32_BIT_CONVERSION = YES;
				GCC_WARN_ABOUT_RETURN_TYPE = YES_ERROR;
				GCC_WARN_UNDECLARED_SELECTOR = YES;
				GCC_WARN_UNINITIALIZED_AUTOS = YES_AGGRESSIVE;
				GCC_WARN_UNUSED_FUNCTION = YES;
				GCC_WARN_UNUSED_VARIABLE = YES;
				IPHONEOS_DEPLOYMENT_TARGET = 15.0;
				MTL_ENABLE_DEBUG_INFO = INCLUDE_SOURCE;
				MTL_FAST_MATH = YES;
				ONLY_ACTIVE_ARCH = YES;
				SDKROOT = iphoneos;
				SWIFT_ACTIVE_COMPILATION_CONDITIONS = DEBUG;
				SWIFT_OPTIMIZATION_LEVEL = "-Onone";
			};
			name = Debug;
		};
		78AB3B4729C835D8004685F1 /* Release */ = {
			isa = XCBuildConfiguration;
			buildSettings = {
				ALWAYS_SEARCH_USER_PATHS = NO;
				CLANG_ANALYZER_LOCALIZABILITY_NONLOCALIZED = YES;
				CLANG_ANALYZER_NONNULL = YES;
				CLANG_ANALYZER_NUMBER_OBJECT_CONVERSION = YES_AGGRESSIVE;
				CLANG_CXX_LANGUAGE_STANDARD = "gnu++20";
				CLANG_ENABLE_MODULES = YES;
				CLANG_ENABLE_OBJC_ARC = YES;
				CLANG_ENABLE_OBJC_WEAK = YES;
				CLANG_WARN_BLOCK_CAPTURE_AUTORELEASING = YES;
				CLANG_WARN_BOOL_CONVERSION = YES;
				CLANG_WARN_COMMA = YES;
				CLANG_WARN_CONSTANT_CONVERSION = YES;
				CLANG_WARN_DEPRECATED_OBJC_IMPLEMENTATIONS = YES;
				CLANG_WARN_DIRECT_OBJC_ISA_USAGE = YES_ERROR;
				CLANG_WARN_DOCUMENTATION_COMMENTS = YES;
				CLANG_WARN_EMPTY_BODY = YES;
				CLANG_WARN_ENUM_CONVERSION = YES;
				CLANG_WARN_INFINITE_RECURSION = YES;
				CLANG_WARN_INT_CONVERSION = YES;
				CLANG_WARN_NON_LITERAL_NULL_CONVERSION = YES;
				CLANG_WARN_OBJC_IMPLICIT_RETAIN_SELF = YES;
				CLANG_WARN_OBJC_LITERAL_CONVERSION = YES;
				CLANG_WARN_OBJC_ROOT_CLASS = YES_ERROR;
				CLANG_WARN_QUOTED_INCLUDE_IN_FRAMEWORK_HEADER = YES;
				CLANG_WARN_RANGE_LOOP_ANALYSIS = YES;
				CLANG_WARN_STRICT_PROTOTYPES = YES;
				CLANG_WARN_SUSPICIOUS_MOVE = YES;
				CLANG_WARN_UNGUARDED_AVAILABILITY = YES_AGGRESSIVE;
				CLANG_WARN_UNREACHABLE_CODE = YES;
				CLANG_WARN__DUPLICATE_METHOD_MATCH = YES;
				COPY_PHASE_STRIP = NO;
				DEBUG_INFORMATION_FORMAT = "dwarf-with-dsym";
				ENABLE_NS_ASSERTIONS = NO;
				ENABLE_STRICT_OBJC_MSGSEND = YES;
				GCC_C_LANGUAGE_STANDARD = gnu11;
				GCC_NO_COMMON_BLOCKS = YES;
				GCC_WARN_64_TO_32_BIT_CONVERSION = YES;
				GCC_WARN_ABOUT_RETURN_TYPE = YES_ERROR;
				GCC_WARN_UNDECLARED_SELECTOR = YES;
				GCC_WARN_UNINITIALIZED_AUTOS = YES_AGGRESSIVE;
				GCC_WARN_UNUSED_FUNCTION = YES;
				GCC_WARN_UNUSED_VARIABLE = YES;
				IPHONEOS_DEPLOYMENT_TARGET = 15.0;
				MTL_ENABLE_DEBUG_INFO = NO;
				MTL_FAST_MATH = YES;
				SDKROOT = iphoneos;
				SWIFT_COMPILATION_MODE = wholemodule;
				SWIFT_OPTIMIZATION_LEVEL = "-O";
				VALIDATE_PRODUCT = YES;
			};
			name = Release;
		};
		78AB3B4929C835D8004685F1 /* Debug */ = {
			isa = XCBuildConfiguration;
			baseConfigurationReference = FBFE1022C1CF2ECD457387F9 /* Pods-RemeApp.debug.xcconfig */;
			buildSettings = {
				ASSETCATALOG_COMPILER_APPICON_NAME = AppIcon;
				ASSETCATALOG_COMPILER_GLOBAL_ACCENT_COLOR_NAME = AccentColor;
				CODE_SIGN_STYLE = Automatic;
				CURRENT_PROJECT_VERSION = 1;
				DEVELOPMENT_TEAM = YQB9XDMF5W;
				GENERATE_INFOPLIST_FILE = YES;
				INFOPLIST_FILE = RemeApp/Info.plist;
				INFOPLIST_KEY_CFBundleDisplayName = "お使いーじー";
				INFOPLIST_KEY_NSCameraUsageDescription = "アプリに表示・使用するための写真を撮影する目的でリクエストします。";
				INFOPLIST_KEY_UILaunchStoryboardName = LaunchScreen;
				INFOPLIST_KEY_UISupportedInterfaceOrientations_iPad = "UIInterfaceOrientationPortrait UIInterfaceOrientationPortraitUpsideDown UIInterfaceOrientationLandscapeLeft UIInterfaceOrientationLandscapeRight";
				INFOPLIST_KEY_UISupportedInterfaceOrientations_iPhone = "UIInterfaceOrientationPortrait UIInterfaceOrientationLandscapeLeft UIInterfaceOrientationLandscapeRight";
				IPHONEOS_DEPLOYMENT_TARGET = 15.0;
				LD_RUNPATH_SEARCH_PATHS = (
					"$(inherited)",
					"@executable_path/Frameworks",
				);
				MARKETING_VERSION = 1.1.1;
				"OTHER_CODE_SIGN_FLAGS[sdk=*]" = "--generate-entitlement-der";
				PRODUCT_BUNDLE_IDENTIFIER = com.motoharu.RemeApp;
				PRODUCT_NAME = "$(TARGET_NAME)";
				SUPPORTED_PLATFORMS = "iphoneos iphonesimulator";
				SUPPORTS_MACCATALYST = NO;
				SUPPORTS_MAC_DESIGNED_FOR_IPHONE_IPAD = NO;
				SWIFT_EMIT_LOC_STRINGS = YES;
				SWIFT_VERSION = 5.0;
				TARGETED_DEVICE_FAMILY = 1;
			};
			name = Debug;
		};
		78AB3B4A29C835D8004685F1 /* Release */ = {
			isa = XCBuildConfiguration;
			baseConfigurationReference = 9BB669364721E9D4EB5C2E6F /* Pods-RemeApp.release.xcconfig */;
			buildSettings = {
				ASSETCATALOG_COMPILER_APPICON_NAME = AppIcon;
				ASSETCATALOG_COMPILER_GLOBAL_ACCENT_COLOR_NAME = AccentColor;
				CODE_SIGN_STYLE = Automatic;
				CURRENT_PROJECT_VERSION = 1;
				DEVELOPMENT_TEAM = YQB9XDMF5W;
				GENERATE_INFOPLIST_FILE = YES;
				INFOPLIST_FILE = RemeApp/Info.plist;
				INFOPLIST_KEY_CFBundleDisplayName = "お使いーじー";
				INFOPLIST_KEY_NSCameraUsageDescription = "アプリに表示・使用するための写真を撮影する目的でリクエストします。";
				INFOPLIST_KEY_UILaunchStoryboardName = LaunchScreen;
				INFOPLIST_KEY_UISupportedInterfaceOrientations_iPad = "UIInterfaceOrientationPortrait UIInterfaceOrientationPortraitUpsideDown UIInterfaceOrientationLandscapeLeft UIInterfaceOrientationLandscapeRight";
				INFOPLIST_KEY_UISupportedInterfaceOrientations_iPhone = "UIInterfaceOrientationPortrait UIInterfaceOrientationLandscapeLeft UIInterfaceOrientationLandscapeRight";
				IPHONEOS_DEPLOYMENT_TARGET = 15.0;
				LD_RUNPATH_SEARCH_PATHS = (
					"$(inherited)",
					"@executable_path/Frameworks",
				);
				MARKETING_VERSION = 1.1.1;
				PRODUCT_BUNDLE_IDENTIFIER = com.motoharu.RemeApp;
				PRODUCT_NAME = "$(TARGET_NAME)";
				SUPPORTED_PLATFORMS = "iphoneos iphonesimulator";
				SUPPORTS_MACCATALYST = NO;
				SUPPORTS_MAC_DESIGNED_FOR_IPHONE_IPAD = NO;
				SWIFT_EMIT_LOC_STRINGS = YES;
				SWIFT_VERSION = 5.0;
				TARGETED_DEVICE_FAMILY = 1;
			};
			name = Release;
		};
/* End XCBuildConfiguration section */

/* Begin XCConfigurationList section */
		78AB3B2F29C835D7004685F1 /* Build configuration list for PBXProject "RemeApp" */ = {
			isa = XCConfigurationList;
			buildConfigurations = (
				78AB3B4629C835D8004685F1 /* Debug */,
				78AB3B4729C835D8004685F1 /* Release */,
			);
			defaultConfigurationIsVisible = 0;
			defaultConfigurationName = Release;
		};
		78AB3B4829C835D8004685F1 /* Build configuration list for PBXNativeTarget "RemeApp" */ = {
			isa = XCConfigurationList;
			buildConfigurations = (
				78AB3B4929C835D8004685F1 /* Debug */,
				78AB3B4A29C835D8004685F1 /* Release */,
			);
			defaultConfigurationIsVisible = 0;
			defaultConfigurationName = Release;
		};
/* End XCConfigurationList section */
	};
	rootObject = 78AB3B2C29C835D7004685F1 /* Project object */;
}
